
Microsoft Visual Studio Solution File, Format Version 12.00
# Visual Studio Version 17
VisualStudioVersion = 17.14.36408.4 d17.14
MinimumVisualStudioVersion = 10.0.40219.1
Project("{FAE04EC0-301F-11D3-BF4B-00C04F79EFBC}") = "Forturn Teller", "Forturn Teller.csproj", "{89A63FD9-BAB2-4829-A057-B9D5FC83E222}"
EndProject
Global
	GlobalSection(SolutionConfigurationPlatforms) = preSolution
		Debug|Any CPU = Debug|Any CPU
		Release|Any CPU = Release|Any CPU
	EndGlobalSection
	GlobalSection(ProjectConfigurationPlatforms) = postSolution
		{89A63FD9-BAB2-4829-A057-B9D5FC83E222}.Debug|Any CPU.ActiveCfg = Debug|Any CPU
		{89A63FD9-BAB2-4829-A057-B9D5FC83E222}.Debug|Any CPU.Build.0 = Debug|Any CPU
		{89A63FD9-BAB2-4829-A057-B9D5FC83E222}.Release|Any CPU.ActiveCfg = Release|Any CPU
		{89A63FD9-BAB2-4829-A057-B9D5FC83E222}.Release|Any CPU.Build.0 = Release|Any CPU
	EndGlobalSection
	GlobalSection(SolutionProperties) = preSolution
		HideSolutionNode = FALSE
	EndGlobalSection
	GlobalSection(ExtensibilityGlobals) = postSolution
		SolutionGuid = {DB406C96-94A5-4BA6-8898-E408A0B67D2E}
	EndGlobalSection
EndGlobal
